
Microsoft Visual Studio Solution File, Format Version 11.00
# Visual Studio 2010
Project("{E24C65DC-7377-472B-9ABA-BC803B73C61A}") = "ONLINE ORDER TRACKING_3_5", "C:\Documents and Settings\Admin\Desktop\ONLINE ORDER TRACKING_3_5\", "{9908069E-5D3C-4F02-A72C-60AC261A4AD7}"
	ProjectSection(WebsiteProperties) = preProject
		Debug.AspNetCompiler.VirtualPath = "/ONLINE ORDER TRACKING_3_5"
		Debug.AspNetCompiler.PhysicalPath = "..\..\..\..\Desktop\ONLINE ORDER TRACKING_3_5\"
		Debug.AspNetCompiler.TargetPath = "PrecompiledWeb\ONLINE ORDER TRACKING_3_5\"
		Debug.AspNetCompiler.Updateable = "true"
		Debug.AspNetCompiler.ForceOverwrite = "true"
		Debug.AspNetCompiler.FixedNames = "false"
		Debug.AspNetCompiler.Debug = "True"
		Release.AspNetCompiler.VirtualPath = "/ONLINE ORDER TRACKING_3_5"
		Release.AspNetCompiler.PhysicalPath = "..\..\..\..\Desktop\ONLINE ORDER TRACKING_3_5\"
		Release.AspNetCompiler.TargetPath = "PrecompiledWeb\ONLINE ORDER TRACKING_3_5\"
		Release.AspNetCompiler.Updateable = "true"
		Release.AspNetCompiler.ForceOverwrite = "true"
		Release.AspNetCompiler.FixedNames = "false"
		Release.AspNetCompiler.Debug = "False"
		VWDPort = "4654"
	EndProjectSection
EndProject
Global
	GlobalSection(SolutionConfigurationPlatforms) = preSolution
		Debug|.NET = Debug|.NET
	EndGlobalSection
	GlobalSection(ProjectConfigurationPlatforms) = postSolution
		{9908069E-5D3C-4F02-A72C-60AC261A4AD7}.Debug|.NET.ActiveCfg = Debug|.NET
		{9908069E-5D3C-4F02-A72C-60AC261A4AD7}.Debug|.NET.Build.0 = Debug|.NET
	EndGlobalSection
	GlobalSection(SolutionProperties) = preSolution
		HideSolutionNode = FALSE
	EndGlobalSection
EndGlobal
